
Microsoft Visual Studio Solution File, Format Version 12.00
# Visual Studio Version 17
VisualStudioVersion = 17.13.35931.197 d17.13
MinimumVisualStudioVersion = 10.0.40219.1
Project("{FAE04EC0-301F-11D3-BF4B-00C04F79EFBC}") = "ObiletJourneySearch", "ObiletJourneySearch\ObiletJourneySearch.csproj", "{62C857B5-9615-46B4-AA1C-1A5EA1C1BC24}"
EndProject
Global
	GlobalSection(SolutionConfigurationPlatforms) = preSolution
		Debug|Any CPU = Debug|Any CPU
		Release|Any CPU = Release|Any CPU
	EndGlobalSection
	GlobalSection(ProjectConfigurationPlatforms) = postSolution
		{62C857B5-9615-46B4-AA1C-1A5EA1C1BC24}.Debug|Any CPU.ActiveCfg = Debug|Any CPU
		{62C857B5-9615-46B4-AA1C-1A5EA1C1BC24}.Debug|Any CPU.Build.0 = Debug|Any CPU
		{62C857B5-9615-46B4-AA1C-1A5EA1C1BC24}.Release|Any CPU.ActiveCfg = Release|Any CPU
		{62C857B5-9615-46B4-AA1C-1A5EA1C1BC24}.Release|Any CPU.Build.0 = Release|Any CPU
	EndGlobalSection
	GlobalSection(SolutionProperties) = preSolution
		HideSolutionNode = FALSE
	EndGlobalSection
	GlobalSection(ExtensibilityGlobals) = postSolution
		SolutionGuid = {4EE988F3-1892-4BA8-8762-F93EA1FEF8B8}
	EndGlobalSection
EndGlobal
